version = 1
revision = 3
requires-python = ">=3.8"
resolution-markers = [
    "python_full_version >= '3.10'",
    "python_full_version == '3.9.*'",
    "python_full_version < '3.9'",
]

[[package]]
name = "apache-tvm-ffi"
version = "0.1.7"
source = { registry = "https://pypi.org/simple" }
dependencies = [
    { name = "typing-extensions", version = "4.13.2", source = { registry = "https://pypi.org/simple" }, marker = "python_full_version < '3.9'" },
    { name = "typing-extensions", version = "4.15.0", source = { registry = "https://pypi.org/simple" }, marker = "python_full_version >= '3.9'" },
]
sdist = { url = "https://files.pythonhosted.org/packages/3d/07/6fbc8fbef1d04bd290f2dcdb3091ae784ac526b62649ec52993a41c65f72/apache_tvm_ffi-0.1.7.tar.gz", hash = "sha256:737cd4a067d6c6c7ad7dd909a0708eb3dc28540299039ea636f8ff5766b122be", size = 2397940, upload-time = "2025-12-28T09:13:25.52Z" }
wheels = [
    { url = "https://files.pythonhosted.org/packages/3b/00/e6c7e0710344ccfb2a42be68e04dfd1920864c25bab4a7411a48a4809a1a/apache_tvm_ffi-0.1.7-cp310-cp310-macosx_11_0_arm64.whl", hash = "sha256:cc6334f55ad8b4cb3c084dcdf33720b47665d0ea488c36a1b4f1b99445ae5a12", size = 1816700, upload-time = "2025-12-28T09:12:22.223Z" },
    { url = "https://files.pythonhosted.org/packages/84/68/82799768095fe83640f0def07eda01891c9d713a9db8770316ca460a6114/apache_tvm_ffi-0.1.7-cp310-cp310-manylinux2014_aarch64.manylinux_2_17_aarch64.whl", hash = "sha256:f69f1195ad7701b0a024a84914b934487a30d5975a9e5d5044c57eb9f9b0fcf7", size = 1976292, upload-time = "2025-12-28T09:12:24.623Z" },
    { url = "https://files.pythonhosted.org/packages/8a/ab/0c01ac5c3d545c04d1adf03a154f8167dc5884c0fdcbb519714107426028/apache_tvm_ffi-0.1.7-cp310-cp310-manylinux2014_x86_64.manylinux_2_17_x86_64.whl", hash = "sha256:7b6444a322279cc33ada0bb2a0482e3433c31028becda106dcb0d48c30fb2de0", size = 2048671, upload-time = "2025-12-28T09:12:26.457Z" },
    { url = "https://files.pythonhosted.org/packages/0a/e3/449fcdbe7ebd8df4b830399171fb325e7f77b2babe958c6fa6c537281e26/apache_tvm_ffi-0.1.7-cp310-cp310-manylinux_2_24_aarch64.manylinux_2_28_aarch64.whl", hash = "sha256:d5e9e668620ba3b78b1c1f393dee67a63850882b0713dba31972c5f854f02860", size = 1920010, upload-time = "2025-12-28T09:12:27.81Z" },
    { url = "https://files.pythonhosted.org/packages/a2/98/737ffc4576af7d4da97f3c73bf347f69d269497cfe9ac089517af5900919/apache_tvm_ffi-0.1.7-cp310-cp310-manylinux_2_24_x86_64.manylinux_2_28_x86_64.whl", hash = "sha256:5f7deaa48cfd720949dd1638dfbd4cc7d5285008c7f3f342887e2bf33cf1f5be", size = 2030727, upload-time = "2025-12-28T09:12:29.38Z" },
    { url = "https://files.pythonhosted.org/packages/f1/36/8ea373c1758c812a504a856a06fc08d8761df1c0e2515e6867c22168fea7/apache_tvm_ffi-0.1.7-cp310-cp310-win_amd64.whl", hash = "sha256:c1fd70f6e7578eeec5e5d8ed0fb814b12280b724531487ff4d899edddd188d97", size = 1787864, upload-time = "2025-12-28T09:12:31.194Z" },
    { url = "https://files.pythonhosted.org/packages/0a/e7/33ece51ba1670fa77a1897745720b9c8bdac854acb0e09d45e64340948f4/apache_tvm_ffi-0.1.7-cp311-cp311-macosx_11_0_arm64.whl", hash = "sha256:20a8847f4609f1fe61015b7547bced99eba38072ed422799fc7bd15371d6d83c", size = 1818328, upload-time = "2025-12-28T09:12:32.784Z" },
    { url = "https://files.pythonhosted.org/packages/8f/b9/3bb4099a82b4c7198823b67067a3d206ec8a0b32204a559c5cca1bee54bd/apache_tvm_ffi-0.1.7-cp311-cp311-manylinux2014_aarch64.manylinux_2_17_aarch64.whl", hash = "sha256:f0e010e61d1f220ec4ce3d15053db3f8c8d9c79230ea763343fc5e4acf53ef17", size = 1975412, upload-time = "2025-12-28T09:12:34.737Z" },
    { url = "https://files.pythonhosted.org/packages/48/53/423788fb9b26460b3d7ceb8588d172dfe7ae4abcc335931fcbf08a859904/apache_tvm_ffi-0.1.7-cp311-cp311-manylinux2014_x86_64.manylinux_2_17_x86_64.whl", hash = "sha256:9b05155b4b60ebd3642213d0489b6ef24aff17b268960dbb5f106a39899bb8b1", size = 2047974, upload-time = "2025-12-28T09:12:36.296Z" },
    { url = "https://files.pythonhosted.org/packages/a6/30/45d4acf7f99e1fc79a8663f2111901b8031e1f9b316860af7acf4859c964/apache_tvm_ffi-0.1.7-cp311-cp311-manylinux_2_24_aarch64.manylinux_2_28_aarch64.whl", hash = "sha256:cceaddc7636060231aca4ada2632814189b1169224b2b451f41984145ef615fc", size = 1919697, upload-time = "2025-12-28T09:12:38.15Z" },
    { url = "https://files.pythonhosted.org/packages/dd/bb/fa5042076bf6e7daaf9774389f99149c1851434fc0d8e4cb34aa0c4a3810/apache_tvm_ffi-0.1.7-cp311-cp311-manylinux_2_24_x86_64.manylinux_2_28_x86_64.whl", hash = "sha256:5769cadc42e70522e2a523f1dfe24f48dbe3bf384e63f95df251f9d572ffcf23", size = 2030760, upload-time = "2025-12-28T09:12:39.813Z" },
    { url = "https://files.pythonhosted.org/packages/fe/74/fd06e97699e9cbf36d887c5fbbc56b14e896e2652bbe1781ab84cef82a40/apache_tvm_ffi-0.1.7-cp311-cp311-win_amd64.whl", hash = "sha256:b5c7716429ce2beb0a5b00c5a3bdd90b8a5891838afb782491c576ade42ba7c4", size = 1788026, upload-time = "2025-12-28T09:12:42.142Z" },
    { url = "https://files.pythonhosted.org/packages/26/4e/43a41ac023a5989803952d527dfea6e63da71fe223f6e010d4ec71ca0526/apache_tvm_ffi-0.1.7-cp312-abi3-macosx_11_0_arm64.whl", hash = "sha256:12950ca9f9f4f4436869afe17845a6bfc85cbcd8a15dfa2b16095f7e6f49d06f", size = 1790152, upload-time = "2025-12-28T09:12:43.975Z" },
    { url = "https://files.pythonhosted.org/packages/b9/d3/05ba0a63baba1e3aec0f6303c4bc567493fb1c070d9f298f929a7703c0fb/apache_tvm_ffi-0.1.7-cp312-abi3-manylinux2014_aarch64.manylinux_2_17_aarch64.whl", hash = "sha256:d0e579234ce6fb2899377335a881ecf15d0197d833e2d370c9269ea6ca578f6f", size = 1947362, upload-time = "2025-12-28T09:12:45.921Z" },
    { url = "https://files.pythonhosted.org/packages/f1/11/b69df7685d75144fd9f57e5155cdf4ff91d6617a9f8b89b1415204863da0/apache_tvm_ffi-0.1.7-cp312-abi3-manylinux2014_x86_64.manylinux_2_17_x86_64.whl", hash = "sha256:258a4aecc16e963def8ba0ab07f585147c7e7f586156b9496bfdf34af229443d", size = 2024240, upload-time = "2025-12-28T09:12:47.337Z" },
    { url = "https://files.pythonhosted.org/packages/cf/b6/31459f4141ea8621377fecac7c29e1568d494cbf95c5aa1ddf2cbc12a8ff/apache_tvm_ffi-0.1.7-cp312-abi3-manylinux_2_24_aarch64.manylinux_2_28_aarch64.whl", hash = "sha256:363701589349e11a945dabce026578203bd83cb8de71af9a066beadd77af085a", size = 1891485, upload-time = "2025-12-28T09:12:49.171Z" },
    { url = "https://files.pythonhosted.org/packages/a5/4d/d21874eda6e3ea59c5a84aa010b24b84617e3b286ad759ac5eadccb1a88c/apache_tvm_ffi-0.1.7-cp312-abi3-manylinux_2_24_x86_64.manylinux_2_28_x86_64.whl", hash = "sha256:fbbf87df625930bafbd979c2c510d5bd989e9171098e5bb65320d0e7336d0095", size = 2003196, upload-time = "2025-12-28T09:12:50.891Z" },
    { url = "https://files.pythonhosted.org/packages/3f/d4/37102d96e359386107f5ce3751c4e2a8c1b8df3d34f65b701810ba59465c/apache_tvm_ffi-0.1.7-cp312-abi3-win_amd64.whl", hash = "sha256:d2fb56f53e33c7ddf7d6d340d44cbc440d205f7dab4bc5ed1ad20c8fc779250f", size = 1768697, upload-time = "2025-12-28T09:12:52.394Z" },
    { url = "https://files.pythonhosted.org/packages/92/c3/aa4b950032251c24b9db7d725b86d7d683b62d9919f8a32f478c28951dc3/apache_tvm_ffi-0.1.7-cp314-cp314t-macosx_11_0_arm64.whl", hash = "sha256:dc4a02e0252599d0c4eb2d2fa91b7756f0446b3bc42479b05c140e9d336b9b8b", size = 1820520, upload-time = "2025-12-28T09:12:54.29Z" },
    { url = "https://files.pythonhosted.org/packages/19/70/55ee17b8a340ef8ffc0d6c0587ff5a0c7e7c85a94e6cb202e682838a42c7/apache_tvm_ffi-0.1.7-cp314-cp314t-manylinux2014_aarch64.manylinux_2_17_aarch64.whl", hash = "sha256:41e50f2c8d98d706923c70ac19fd5f605bf71b8ffa43c0c2e9e1e22c2d60d4e0", size = 1960686, upload-time = "2025-12-28T09:12:56.206Z" },
    { url = "https://files.pythonhosted.org/packages/b6/0f/ca4f7b4836e1e03386b6e486a0ba88812644723a96965a01e2072f551f2e/apache_tvm_ffi-0.1.7-cp314-cp314t-manylinux2014_x86_64.manylinux_2_17_x86_64.whl", hash = "sha256:835bd391c6f3388e84e36f0ea2347761992241a3953be6ebb319bf1c2ac855d8", size = 2032237, upload-time = "2025-12-28T09:12:58.113Z" },
    { url = "https://files.pythonhosted.org/packages/89/b6/35be0035f8ed9e10ae6d9ffb7e91397ba381eb734f85ff852efe56eb3012/apache_tvm_ffi-0.1.7-cp314-cp314t-manylinux_2_24_aarch64.manylinux_2_28_aarch64.whl", hash = "sha256:d7d8b53e94c2bc28e961934e8291a9763d7868f84f9759cbae462b77ca801e5b", size = 1904414, upload-time = "2025-12-28T09:12:59.624Z" },
    { url = "https://files.pythonhosted.org/packages/5a/5f/1f57863c2c68389d1453fe147d89da22910a0e4f645a8be29cc8f461850f/apache_tvm_ffi-0.1.7-cp314-cp314t-manylinux_2_24_x86_64.manylinux_2_28_x86_64.whl", hash = "sha256:e135b70c7be8627661c5ec4a466e17e1aba260ffd7c6bccfe231c9ea975875e7", size = 2013039, upload-time = "2025-12-28T09:13:01.37Z" },
    { url = "https://files.pythonhosted.org/packages/bb/3f/08d1931c6ebca557051176d400e15c1d7f6cf9096fc02f8c90ac7ee309ac/apache_tvm_ffi-0.1.7-cp314-cp314t-win_amd64.whl", hash = "sha256:408bb2c1fa585260afd556e53d65e2735f201f358202fda2b07d08a6cbfaf91f", size = 1828344, upload-time = "2025-12-28T09:13:03.359Z" },
    { url = "https://files.pythonhosted.org/packages/e5/5f/857f63044e2be32376861d3567e61d9778530428c54f774ec480f67c73dc/apache_tvm_ffi-0.1.7-cp38-cp38-macosx_11_0_arm64.whl", hash = "sha256:d4906b591549539288483edfef2fc1560b120ec9e2993208d05eb83178a6f077", size = 1823821, upload-time = "2025-12-28T09:13:05.103Z" },
    { url = "https://files.pythonhosted.org/packages/11/40/098c65f095e3904df53ad6f665b73a633102a453f6cbf431889d5740dab2/apache_tvm_ffi-0.1.7-cp38-cp38-manylinux2014_aarch64.manylinux_2_17_aarch64.whl", hash = "sha256:f93ce14d5e4bfc91bf84bc12892f0e7bc2361aecf0a2a0dd2cfd807dc5f93b7d", size = 1978221, upload-time = "2025-12-28T09:13:06.649Z" },
    { url = "https://files.pythonhosted.org/packages/11/87/95c69bf3de1a9efda11aa6c83e8b665c4857deedbbc234d381bfb6ce9eb1/apache_tvm_ffi-0.1.7-cp38-cp38-manylinux2014_x86_64.manylinux_2_17_x86_64.whl", hash = "sha256:688debee9a69f53cfe8cb2782f9f1e52bccf518835928ae09dddaa11b7ec7d85", size = 2050788, upload-time = "2025-12-28T09:13:08.248Z" },
    { url = "https://files.pythonhosted.org/packages/be/2c/3268fbadafc1a056b99dabdc7443096f2dd2de6072cfcc3db2fec68fe4e4/apache_tvm_ffi-0.1.7-cp38-cp38-manylinux_2_24_aarch64.manylinux_2_28_aarch64.whl", hash = "sha256:ec71c56b371d9a34f447545c2dcc850e384ec8d2cae74d4360ad8ae0b22f940f", size = 1920321, upload-time = "2025-12-28T09:13:10.063Z" },
    { url = "https://files.pythonhosted.org/packages/8e/2f/0cb6617cc7fdf98171a66eda69d7aeb2a909e55ffd068d628dbb6a3e81ca/apache_tvm_ffi-0.1.7-cp38-cp38-manylinux_2_24_x86_64.manylinux_2_28_x86_64.whl", hash = "sha256:91c83b62c3e38ac63691c22ed5f4bd2f079d9a3e9fc026ae2e9016498f33c1ec", size = 2029816, upload-time = "2025-12-28T09:13:11.91Z" },
    { url = "https://files.pythonhosted.org/packages/61/68/1c47519a1b5eebb14e968fc014aa8e808625efaab2bdc55235f78c9d32cf/apache_tvm_ffi-0.1.7-cp38-cp38-win_amd64.whl", hash = "sha256:18a1444f64e97d0c53d712371ab6f5194ece512c8772bb6cf53bac4b9dabeb6c", size = 1793243, upload-time = "2025-12-28T09:13:13.725Z" },
    { url = "https://files.pythonhosted.org/packages/7c/ac/8a43f325dbcc6c5d8709ffbb1c17a0f8d1cc5ea447935369c89f6793aa44/apache_tvm_ffi-0.1.7-cp39-cp39-macosx_11_0_arm64.whl", hash = "sha256:1556f4b967b4167d20822f7d1d8e60d29e6901da64718d0bca60dd6247a72ba2", size = 1817391, upload-time = "2025-12-28T09:13:15.61Z" },
    { url = "https://files.pythonhosted.org/packages/5f/94/5345c8fc7b1069ba936325da4a7e8471375da2b6085e2cbf1ed0185cbade/apache_tvm_ffi-0.1.7-cp39-cp39-manylinux2014_aarch64.manylinux_2_17_aarch64.whl", hash = "sha256:57ba5918469f6d1c9efc92a049d71a3a5e87ec8c5bd418a0de9f3b29c8579593", size = 1976296, upload-time = "2025-12-28T09:13:17.234Z" },
    { url = "https://files.pythonhosted.org/packages/db/4a/c2caf1776080f277727cbe05a927f59af082e4862b761b703e0460417101/apache_tvm_ffi-0.1.7-cp39-cp39-manylinux2014_x86_64.manylinux_2_17_x86_64.whl", hash = "sha256:3e6ec4db1204581a14a114046f45f9d09bb9897770649be1ac63b9af6dca45a5", size = 2049173, upload-time = "2025-12-28T09:13:19.176Z" },
    { url = "https://files.pythonhosted.org/packages/31/b1/8735a234c95dc9ec5276dc6031d4e28bd28de098eff299c747fc28ec1981/apache_tvm_ffi-0.1.7-cp39-cp39-manylinux_2_24_aarch64.manylinux_2_28_aarch64.whl", hash = "sha256:150eda75d80449c43c0c633d83d55ed963c76f55910ff76aa98cee24ca8594b7", size = 1920813, upload-time = "2025-12-28T09:13:20.685Z" },
    { url = "https://files.pythonhosted.org/packages/04/cd/a5b41e77fc754a3d528652054e5952e09aaad3af03ce5775b97ab418c5a3/apache_tvm_ffi-0.1.7-cp39-cp39-manylinux_2_24_x86_64.manylinux_2_28_x86_64.whl", hash = "sha256:6e373fc421a0ee0d649f00dc26cd47507976b0ef3542ff4efdb6652956edeb6c", size = 2031343, upload-time = "2025-12-28T09:13:22.291Z" },
    { url = "https://files.pythonhosted.org/packages/f5/6b/10dcefd0d0c49b7b8366fc539331d1424bed25d14785ac81b9dac1109aa5/apache_tvm_ffi-0.1.7-cp39-cp39-win_amd64.whl", hash = "sha256:9ede57a6ca60f3468b226f5c4c24c7d91b1e8997b92381b3c2325f3b1a1de76b", size = 1788433, upload-time = "2025-12-28T09:13:23.858Z" },
]

[[package]]
name = "fire"
version = "0.7.1"
source = { registry = "https://pypi.org/simple" }
dependencies = [
    { name = "termcolor", version = "2.4.0", source = { registry = "https://pypi.org/simple" }, marker = "python_full_version < '3.9'" },
    { name = "termcolor", version = "3.1.0", source = { registry = "https://pypi.org/simple" }, marker = "python_full_version == '3.9.*'" },
    { name = "termcolor", version = "3.3.0", source = { registry = "https://pypi.org/simple" }, marker = "python_full_version >= '3.10'" },
]
sdist = { url = "https://files.pythonhosted.org/packages/c0/00/f8d10588d2019d6d6452653def1ee807353b21983db48550318424b5ff18/fire-0.7.1.tar.gz", hash = "sha256:3b208f05c736de98fb343310d090dcc4d8c78b2a89ea4f32b837c586270a9cbf", size = 88720, upload-time = "2025-08-16T20:20:24.175Z" }
wheels = [
    { url = "https://files.pythonhosted.org/packages/e5/4c/93d0f85318da65923e4b91c1c2ff03d8a458cbefebe3bc612a6693c7906d/fire-0.7.1-py3-none-any.whl", hash = "sha256:e43fd8a5033a9001e7e2973bab96070694b9f12f2e0ecf96d4683971b5ab1882", size = 115945, upload-time = "2025-08-16T20:20:22.87Z" },
]

[[package]]
name = "omniback"
source = { editable = "." }
dependencies = [
    { name = "apache-tvm-ffi" },
    { name = "fire" },
    { name = "tomli", marker = "python_full_version < '3.11'" },
]

[package.metadata]
requires-dist = [
    { name = "apache-tvm-ffi", specifier = ">=0.1.7" },
    { name = "fire" },
    { name = "tomli", marker = "python_full_version < '3.11'", specifier = ">=1.2.3" },
]

[[package]]
name = "termcolor"
version = "2.4.0"
source = { registry = "https://pypi.org/simple" }
resolution-markers = [
    "python_full_version < '3.9'",
]
sdist = { url = "https://files.pythonhosted.org/packages/10/56/d7d66a84f96d804155f6ff2873d065368b25a07222a6fd51c4f24ef6d764/termcolor-2.4.0.tar.gz", hash = "sha256:aab9e56047c8ac41ed798fa36d892a37aca6b3e9159f3e0c24bc64a9b3ac7b7a", size = 12664, upload-time = "2023-12-01T11:04:51.66Z" }
wheels = [
    { url = "https://files.pythonhosted.org/packages/d9/5f/8c716e47b3a50cbd7c146f45881e11d9414def768b7cd9c5e6650ec2a80a/termcolor-2.4.0-py3-none-any.whl", hash = "sha256:9297c0df9c99445c2412e832e882a7884038a25617c60cea2ad69488d4040d63", size = 7719, upload-time = "2023-12-01T11:04:50.019Z" },
]

[[package]]
name = "termcolor"
version = "3.1.0"
source = { registry = "https://pypi.org/simple" }
resolution-markers = [
    "python_full_version == '3.9.*'",
]
sdist = { url = "https://files.pythonhosted.org/packages/ca/6c/3d75c196ac07ac8749600b60b03f4f6094d54e132c4d94ebac6ee0e0add0/termcolor-3.1.0.tar.gz", hash = "sha256:6a6dd7fbee581909eeec6a756cff1d7f7c376063b14e4a298dc4980309e55970", size = 14324, upload-time = "2025-04-30T11:37:53.791Z" }
wheels = [
    { url = "https://files.pythonhosted.org/packages/4f/bd/de8d508070629b6d84a30d01d57e4a65c69aa7f5abe7560b8fad3b50ea59/termcolor-3.1.0-py3-none-any.whl", hash = "sha256:591dd26b5c2ce03b9e43f391264626557873ce1d379019786f99b0c2bee140aa", size = 7684, upload-time = "2025-04-30T11:37:52.382Z" },
]

[[package]]
name = "termcolor"
version = "3.3.0"
source = { registry = "https://pypi.org/simple" }
resolution-markers = [
    "python_full_version >= '3.10'",
]
sdist = { url = "https://files.pythonhosted.org/packages/46/79/cf31d7a93a8fdc6aa0fbb665be84426a8c5a557d9240b6239e9e11e35fc5/termcolor-3.3.0.tar.gz", hash = "sha256:348871ca648ec6a9a983a13ab626c0acce02f515b9e1983332b17af7979521c5", size = 14434, upload-time = "2025-12-29T12:55:21.882Z" }
wheels = [
    { url = "https://files.pythonhosted.org/packages/33/d1/8bb87d21e9aeb323cc03034f5eaf2c8f69841e40e4853c2627edf8111ed3/termcolor-3.3.0-py3-none-any.whl", hash = "sha256:cf642efadaf0a8ebbbf4bc7a31cec2f9b5f21a9f726f4ccbb08192c9c26f43a5", size = 7734, upload-time = "2025-12-29T12:55:20.718Z" },
]

[[package]]
name = "tomli"
version = "2.3.0"
source = { registry = "https://pypi.org/simple" }
sdist = { url = "https://files.pythonhosted.org/packages/52/ed/3f73f72945444548f33eba9a87fc7a6e969915e7b1acc8260b30e1f76a2f/tomli-2.3.0.tar.gz", hash = "sha256:64be704a875d2a59753d80ee8a533c3fe183e3f06807ff7dc2232938ccb01549", size = 17392, upload-time = "2025-10-08T22:01:47.119Z" }
wheels = [
    { url = "https://files.pythonhosted.org/packages/b3/2e/299f62b401438d5fe1624119c723f5d877acc86a4c2492da405626665f12/tomli-2.3.0-cp311-cp311-macosx_10_9_x86_64.whl", hash = "sha256:88bd15eb972f3664f5ed4b57c1634a97153b4bac4479dcb6a495f41921eb7f45", size = 153236, upload-time = "2025-10-08T22:01:00.137Z" },
    { url = "https://files.pythonhosted.org/packages/86/7f/d8fffe6a7aefdb61bced88fcb5e280cfd71e08939da5894161bd71bea022/tomli-2.3.0-cp311-cp311-macosx_11_0_arm64.whl", hash = "sha256:883b1c0d6398a6a9d29b508c331fa56adbcdff647f6ace4dfca0f50e90dfd0ba", size = 148084, upload-time = "2025-10-08T22:01:01.63Z" },
    { url = "https://files.pythonhosted.org/packages/47/5c/24935fb6a2ee63e86d80e4d3b58b222dafaf438c416752c8b58537c8b89a/tomli-2.3.0-cp311-cp311-manylinux2014_aarch64.manylinux_2_17_aarch64.manylinux_2_28_aarch64.whl", hash = "sha256:d1381caf13ab9f300e30dd8feadb3de072aeb86f1d34a8569453ff32a7dea4bf", size = 234832, upload-time = "2025-10-08T22:01:02.543Z" },
    { url = "https://files.pythonhosted.org/packages/89/da/75dfd804fc11e6612846758a23f13271b76d577e299592b4371a4ca4cd09/tomli-2.3.0-cp311-cp311-manylinux2014_x86_64.manylinux_2_17_x86_64.manylinux_2_28_x86_64.whl", hash = "sha256:a0e285d2649b78c0d9027570d4da3425bdb49830a6156121360b3f8511ea3441", size = 242052, upload-time = "2025-10-08T22:01:03.836Z" },
    { url = "https://files.pythonhosted.org/packages/70/8c/f48ac899f7b3ca7eb13af73bacbc93aec37f9c954df3c08ad96991c8c373/tomli-2.3.0-cp311-cp311-musllinux_1_2_aarch64.whl", hash = "sha256:0a154a9ae14bfcf5d8917a59b51ffd5a3ac1fd149b71b47a3a104ca4edcfa845", size = 239555, upload-time = "2025-10-08T22:01:04.834Z" },
    { url = "https://files.pythonhosted.org/packages/ba/28/72f8afd73f1d0e7829bfc093f4cb98ce0a40ffc0cc997009ee1ed94ba705/tomli-2.3.0-cp311-cp311-musllinux_1_2_x86_64.whl", hash = "sha256:74bf8464ff93e413514fefd2be591c3b0b23231a77f901db1eb30d6f712fc42c", size = 245128, upload-time = "2025-10-08T22:01:05.84Z" },
    { url = "https://files.pythonhosted.org/packages/b6/eb/a7679c8ac85208706d27436e8d421dfa39d4c914dcf5fa8083a9305f58d9/tomli-2.3.0-cp311-cp311-win32.whl", hash = "sha256:00b5f5d95bbfc7d12f91ad8c593a1659b6387b43f054104cda404be6bda62456", size = 96445, upload-time = "2025-10-08T22:01:06.896Z" },
    { url = "https://files.pythonhosted.org/packages/0a/fe/3d3420c4cb1ad9cb462fb52967080575f15898da97e21cb6f1361d505383/tomli-2.3.0-cp311-cp311-win_amd64.whl", hash = "sha256:4dc4ce8483a5d429ab602f111a93a6ab1ed425eae3122032db7e9acf449451be", size = 107165, upload-time = "2025-10-08T22:01:08.107Z" },
    { url = "https://files.pythonhosted.org/packages/ff/b7/40f36368fcabc518bb11c8f06379a0fd631985046c038aca08c6d6a43c6e/tomli-2.3.0-cp312-cp312-macosx_10_13_x86_64.whl", hash = "sha256:d7d86942e56ded512a594786a5ba0a5e521d02529b3826e7761a05138341a2ac", size = 154891, upload-time = "2025-10-08T22:01:09.082Z" },
    { url = "https://files.pythonhosted.org/packages/f9/3f/d9dd692199e3b3aab2e4e4dd948abd0f790d9ded8cd10cbaae276a898434/tomli-2.3.0-cp312-cp312-macosx_11_0_arm64.whl", hash = "sha256:73ee0b47d4dad1c5e996e3cd33b8a76a50167ae5f96a2607cbe8cc773506ab22", size = 148796, upload-time = "2025-10-08T22:01:10.266Z" },
    { url = "https://files.pythonhosted.org/packages/60/83/59bff4996c2cf9f9387a0f5a3394629c7efa5ef16142076a23a90f1955fa/tomli-2.3.0-cp312-cp312-manylinux2014_aarch64.manylinux_2_17_aarch64.manylinux_2_28_aarch64.whl", hash = "sha256:792262b94d5d0a466afb5bc63c7daa9d75520110971ee269152083270998316f", size = 242121, upload-time = "2025-10-08T22:01:11.332Z" },
    { url = "https://files.pythonhosted.org/packages/45/e5/7c5119ff39de8693d6baab6c0b6dcb556d192c165596e9fc231ea1052041/tomli-2.3.0-cp312-cp312-manylinux2014_x86_64.manylinux_2_17_x86_64.manylinux_2_28_x86_64.whl", hash = "sha256:4f195fe57ecceac95a66a75ac24d9d5fbc98ef0962e09b2eddec5d39375aae52", size = 250070, upload-time = "2025-10-08T22:01:12.498Z" },
    { url = "https://files.pythonhosted.org/packages/45/12/ad5126d3a278f27e6701abde51d342aa78d06e27ce2bb596a01f7709a5a2/tomli-2.3.0-cp312-cp312-musllinux_1_2_aarch64.whl", hash = "sha256:e31d432427dcbf4d86958c184b9bfd1e96b5b71f8eb17e6d02531f434fd335b8", size = 245859, upload-time = "2025-10-08T22:01:13.551Z" },
    { url = "https://files.pythonhosted.org/packages/fb/a1/4d6865da6a71c603cfe6ad0e6556c73c76548557a8d658f9e3b142df245f/tomli-2.3.0-cp312-cp312-musllinux_1_2_x86_64.whl", hash = "sha256:7b0882799624980785240ab732537fcfc372601015c00f7fc367c55308c186f6", size = 250296, upload-time = "2025-10-08T22:01:14.614Z" },
    { url = "https://files.pythonhosted.org/packages/a0/b7/a7a7042715d55c9ba6e8b196d65d2cb662578b4d8cd17d882d45322b0d78/tomli-2.3.0-cp312-cp312-win32.whl", hash = "sha256:ff72b71b5d10d22ecb084d345fc26f42b5143c5533db5e2eaba7d2d335358876", size = 97124, upload-time = "2025-10-08T22:01:15.629Z" },
    { url = "https://files.pythonhosted.org/packages/06/1e/f22f100db15a68b520664eb3328fb0ae4e90530887928558112c8d1f4515/tomli-2.3.0-cp312-cp312-win_amd64.whl", hash = "sha256:1cb4ed918939151a03f33d4242ccd0aa5f11b3547d0cf30f7c74a408a5b99878", size = 107698, upload-time = "2025-10-08T22:01:16.51Z" },
    { url = "https://files.pythonhosted.org/packages/89/48/06ee6eabe4fdd9ecd48bf488f4ac783844fd777f547b8d1b61c11939974e/tomli-2.3.0-cp313-cp313-macosx_10_13_x86_64.whl", hash = "sha256:5192f562738228945d7b13d4930baffda67b69425a7f0da96d360b0a3888136b", size = 154819, upload-time = "2025-10-08T22:01:17.964Z" },
    { url = "https://files.pythonhosted.org/packages/f1/01/88793757d54d8937015c75dcdfb673c65471945f6be98e6a0410fba167ed/tomli-2.3.0-cp313-cp313-macosx_11_0_arm64.whl", hash = "sha256:be71c93a63d738597996be9528f4abe628d1adf5e6eb11607bc8fe1a510b5dae", size = 148766, upload-time = "2025-10-08T22:01:18.959Z" },
    { url = "https://files.pythonhosted.org/packages/42/17/5e2c956f0144b812e7e107f94f1cc54af734eb17b5191c0bbfb72de5e93e/tomli-2.3.0-cp313-cp313-manylinux2014_aarch64.manylinux_2_17_aarch64.manylinux_2_28_aarch64.whl", hash = "sha256:c4665508bcbac83a31ff8ab08f424b665200c0e1e645d2bd9ab3d3e557b6185b", size = 240771, upload-time = "2025-10-08T22:01:20.106Z" },
    { url = "https://files.pythonhosted.org/packages/d5/f4/0fbd014909748706c01d16824eadb0307115f9562a15cbb012cd9b3512c5/tomli-2.3.0-cp313-cp313-manylinux2014_x86_64.manylinux_2_17_x86_64.manylinux_2_28_x86_64.whl", hash = "sha256:4021923f97266babc6ccab9f5068642a0095faa0a51a246a6a02fccbb3514eaf", size = 248586, upload-time = "2025-10-08T22:01:21.164Z" },
    { url = "https://files.pythonhosted.org/packages/30/77/fed85e114bde5e81ecf9bc5da0cc69f2914b38f4708c80ae67d0c10180c5/tomli-2.3.0-cp313-cp313-musllinux_1_2_aarch64.whl", hash = "sha256:a4ea38c40145a357d513bffad0ed869f13c1773716cf71ccaa83b0fa0cc4e42f", size = 244792, upload-time = "2025-10-08T22:01:22.417Z" },
    { url = "https://files.pythonhosted.org/packages/55/92/afed3d497f7c186dc71e6ee6d4fcb0acfa5f7d0a1a2878f8beae379ae0cc/tomli-2.3.0-cp313-cp313-musllinux_1_2_x86_64.whl", hash = "sha256:ad805ea85eda330dbad64c7ea7a4556259665bdf9d2672f5dccc740eb9d3ca05", size = 248909, upload-time = "2025-10-08T22:01:23.859Z" },
    { url = "https://files.pythonhosted.org/packages/f8/84/ef50c51b5a9472e7265ce1ffc7f24cd4023d289e109f669bdb1553f6a7c2/tomli-2.3.0-cp313-cp313-win32.whl", hash = "sha256:97d5eec30149fd3294270e889b4234023f2c69747e555a27bd708828353ab606", size = 96946, upload-time = "2025-10-08T22:01:24.893Z" },
    { url = "https://files.pythonhosted.org/packages/b2/b7/718cd1da0884f281f95ccfa3a6cc572d30053cba64603f79d431d3c9b61b/tomli-2.3.0-cp313-cp313-win_amd64.whl", hash = "sha256:0c95ca56fbe89e065c6ead5b593ee64b84a26fca063b5d71a1122bf26e533999", size = 107705, upload-time = "2025-10-08T22:01:26.153Z" },
    { url = "https://files.pythonhosted.org/packages/19/94/aeafa14a52e16163008060506fcb6aa1949d13548d13752171a755c65611/tomli-2.3.0-cp314-cp314-macosx_10_13_x86_64.whl", hash = "sha256:cebc6fe843e0733ee827a282aca4999b596241195f43b4cc371d64fc6639da9e", size = 154244, upload-time = "2025-10-08T22:01:27.06Z" },
    { url = "https://files.pythonhosted.org/packages/db/e4/1e58409aa78eefa47ccd19779fc6f36787edbe7d4cd330eeeedb33a4515b/tomli-2.3.0-cp314-cp314-macosx_11_0_arm64.whl", hash = "sha256:4c2ef0244c75aba9355561272009d934953817c49f47d768070c3c94355c2aa3", size = 148637, upload-time = "2025-10-08T22:01:28.059Z" },
    { url = "https://files.pythonhosted.org/packages/26/b6/d1eccb62f665e44359226811064596dd6a366ea1f985839c566cd61525ae/tomli-2.3.0-cp314-cp314-manylinux2014_aarch64.manylinux_2_17_aarch64.manylinux_2_28_aarch64.whl", hash = "sha256:c22a8bf253bacc0cf11f35ad9808b6cb75ada2631c2d97c971122583b129afbc", size = 241925, upload-time = "2025-10-08T22:01:29.066Z" },
    { url = "https://files.pythonhosted.org/packages/70/91/7cdab9a03e6d3d2bb11beae108da5bdc1c34bdeb06e21163482544ddcc90/tomli-2.3.0-cp314-cp314-manylinux2014_x86_64.manylinux_2_17_x86_64.manylinux_2_28_x86_64.whl", hash = "sha256:0eea8cc5c5e9f89c9b90c4896a8deefc74f518db5927d0e0e8d4a80953d774d0", size = 249045, upload-time = "2025-10-08T22:01:31.98Z" },
    { url = "https://files.pythonhosted.org/packages/15/1b/8c26874ed1f6e4f1fcfeb868db8a794cbe9f227299402db58cfcc858766c/tomli-2.3.0-cp314-cp314-musllinux_1_2_aarch64.whl", hash = "sha256:b74a0e59ec5d15127acdabd75ea17726ac4c5178ae51b85bfe39c4f8a278e879", size = 245835, upload-time = "2025-10-08T22:01:32.989Z" },
    { url = "https://files.pythonhosted.org/packages/fd/42/8e3c6a9a4b1a1360c1a2a39f0b972cef2cc9ebd56025168c4137192a9321/tomli-2.3.0-cp314-cp314-musllinux_1_2_x86_64.whl", hash = "sha256:b5870b50c9db823c595983571d1296a6ff3e1b88f734a4c8f6fc6188397de005", size = 253109, upload-time = "2025-10-08T22:01:34.052Z" },
    { url = "https://files.pythonhosted.org/packages/22/0c/b4da635000a71b5f80130937eeac12e686eefb376b8dee113b4a582bba42/tomli-2.3.0-cp314-cp314-win32.whl", hash = "sha256:feb0dacc61170ed7ab602d3d972a58f14ee3ee60494292d384649a3dc38ef463", size = 97930, upload-time = "2025-10-08T22:01:35.082Z" },
    { url = "https://files.pythonhosted.org/packages/b9/74/cb1abc870a418ae99cd5c9547d6bce30701a954e0e721821df483ef7223c/tomli-2.3.0-cp314-cp314-win_amd64.whl", hash = "sha256:b273fcbd7fc64dc3600c098e39136522650c49bca95df2d11cf3b626422392c8", size = 107964, upload-time = "2025-10-08T22:01:36.057Z" },
    { url = "https://files.pythonhosted.org/packages/54/78/5c46fff6432a712af9f792944f4fcd7067d8823157949f4e40c56b8b3c83/tomli-2.3.0-cp314-cp314t-macosx_10_13_x86_64.whl", hash = "sha256:940d56ee0410fa17ee1f12b817b37a4d4e4dc4d27340863cc67236c74f582e77", size = 163065, upload-time = "2025-10-08T22:01:37.27Z" },
    { url = "https://files.pythonhosted.org/packages/39/67/f85d9bd23182f45eca8939cd2bc7050e1f90c41f4a2ecbbd5963a1d1c486/tomli-2.3.0-cp314-cp314t-macosx_11_0_arm64.whl", hash = "sha256:f85209946d1fe94416debbb88d00eb92ce9cd5266775424ff81bc959e001acaf", size = 159088, upload-time = "2025-10-08T22:01:38.235Z" },
    { url = "https://files.pythonhosted.org/packages/26/5a/4b546a0405b9cc0659b399f12b6adb750757baf04250b148d3c5059fc4eb/tomli-2.3.0-cp314-cp314t-manylinux2014_aarch64.manylinux_2_17_aarch64.manylinux_2_28_aarch64.whl", hash = "sha256:a56212bdcce682e56b0aaf79e869ba5d15a6163f88d5451cbde388d48b13f530", size = 268193, upload-time = "2025-10-08T22:01:39.712Z" },
    { url = "https://files.pythonhosted.org/packages/42/4f/2c12a72ae22cf7b59a7fe75b3465b7aba40ea9145d026ba41cb382075b0e/tomli-2.3.0-cp314-cp314t-manylinux2014_x86_64.manylinux_2_17_x86_64.manylinux_2_28_x86_64.whl", hash = "sha256:c5f3ffd1e098dfc032d4d3af5c0ac64f6d286d98bc148698356847b80fa4de1b", size = 275488, upload-time = "2025-10-08T22:01:40.773Z" },
    { url = "https://files.pythonhosted.org/packages/92/04/a038d65dbe160c3aa5a624e93ad98111090f6804027d474ba9c37c8ae186/tomli-2.3.0-cp314-cp314t-musllinux_1_2_aarch64.whl", hash = "sha256:5e01decd096b1530d97d5d85cb4dff4af2d8347bd35686654a004f8dea20fc67", size = 272669, upload-time = "2025-10-08T22:01:41.824Z" },
    { url = "https://files.pythonhosted.org/packages/be/2f/8b7c60a9d1612a7cbc39ffcca4f21a73bf368a80fc25bccf8253e2563267/tomli-2.3.0-cp314-cp314t-musllinux_1_2_x86_64.whl", hash = "sha256:8a35dd0e643bb2610f156cca8db95d213a90015c11fee76c946aa62b7ae7e02f", size = 279709, upload-time = "2025-10-08T22:01:43.177Z" },
    { url = "https://files.pythonhosted.org/packages/7e/46/cc36c679f09f27ded940281c38607716c86cf8ba4a518d524e349c8b4874/tomli-2.3.0-cp314-cp314t-win32.whl", hash = "sha256:a1f7f282fe248311650081faafa5f4732bdbfef5d45fe3f2e702fbc6f2d496e0", size = 107563, upload-time = "2025-10-08T22:01:44.233Z" },
    { url = "https://files.pythonhosted.org/packages/84/ff/426ca8683cf7b753614480484f6437f568fd2fda2edbdf57a2d3d8b27a0b/tomli-2.3.0-cp314-cp314t-win_amd64.whl", hash = "sha256:70a251f8d4ba2d9ac2542eecf008b3c8a9fc5c3f9f02c56a9d7952612be2fdba", size = 119756, upload-time = "2025-10-08T22:01:45.234Z" },
    { url = "https://files.pythonhosted.org/packages/77/b8/0135fadc89e73be292b473cb820b4f5a08197779206b33191e801feeae40/tomli-2.3.0-py3-none-any.whl", hash = "sha256:e95b1af3c5b07d9e643909b5abbec77cd9f1217e6d0bca72b0234736b9fb1f1b", size = 14408, upload-time = "2025-10-08T22:01:46.04Z" },
]

[[package]]
name = "typing-extensions"
version = "4.13.2"
source = { registry = "https://pypi.org/simple" }
resolution-markers = [
    "python_full_version < '3.9'",
]
sdist = { url = "https://files.pythonhosted.org/packages/f6/37/23083fcd6e35492953e8d2aaaa68b860eb422b34627b13f2ce3eb6106061/typing_extensions-4.13.2.tar.gz", hash = "sha256:e6c81219bd689f51865d9e372991c540bda33a0379d5573cddb9a3a23f7caaef", size = 106967, upload-time = "2025-04-10T14:19:05.416Z" }
wheels = [
    { url = "https://files.pythonhosted.org/packages/8b/54/b1ae86c0973cc6f0210b53d508ca3641fb6d0c56823f288d108bc7ab3cc8/typing_extensions-4.13.2-py3-none-any.whl", hash = "sha256:a439e7c04b49fec3e5d3e2beaa21755cadbbdc391694e28ccdd36ca4a1408f8c", size = 45806, upload-time = "2025-04-10T14:19:03.967Z" },
]

[[package]]
name = "typing-extensions"
version = "4.15.0"
source = { registry = "https://pypi.org/simple" }
resolution-markers = [
    "python_full_version >= '3.10'",
    "python_full_version == '3.9.*'",
]
sdist = { url = "https://files.pythonhosted.org/packages/72/94/1a15dd82efb362ac84269196e94cf00f187f7ed21c242792a923cdb1c61f/typing_extensions-4.15.0.tar.gz", hash = "sha256:0cea48d173cc12fa28ecabc3b837ea3cf6f38c6d1136f85cbaaf598984861466", size = 109391, upload-time = "2025-08-25T13:49:26.313Z" }
wheels = [
    { url = "https://files.pythonhosted.org/packages/18/67/36e9267722cc04a6b9f15c7f3441c2363321a3ea07da7ae0c0707beb2a9c/typing_extensions-4.15.0-py3-none-any.whl", hash = "sha256:f0fa19c6845758ab08074a0cfa8b7aecb71c999ca73d62883bc25cc018c4e548", size = 44614, upload-time = "2025-08-25T13:49:24.86Z" },
]
